
Microsoft Visual Studio Solution File, Format Version 12.00
# Visual Studio Version 16
VisualStudioVersion = 16.0.30804.86
MinimumVisualStudioVersion = 10.0.40219.1
Project("{FAE04EC0-301F-11D3-BF4B-00C04F79EFBC}") = "RentBikes", "RentBikes\RentBikes.csproj", "{BEBCBEE1-6A45-4FF1-93AF-18C36AF1127E}"
EndProject
Global
	GlobalSection(SolutionConfigurationPlatforms) = preSolution
		Debug|Any CPU = Debug|Any CPU
		Release|Any CPU = Release|Any CPU
	EndGlobalSection
	GlobalSection(ProjectConfigurationPlatforms) = postSolution
		{BEBCBEE1-6A45-4FF1-93AF-18C36AF1127E}.Debug|Any CPU.ActiveCfg = Debug|Any CPU
		{BEBCBEE1-6A45-4FF1-93AF-18C36AF1127E}.Debug|Any CPU.Build.0 = Debug|Any CPU
		{BEBCBEE1-6A45-4FF1-93AF-18C36AF1127E}.Release|Any CPU.ActiveCfg = Release|Any CPU
		{BEBCBEE1-6A45-4FF1-93AF-18C36AF1127E}.Release|Any CPU.Build.0 = Release|Any CPU
	EndGlobalSection
	GlobalSection(SolutionProperties) = preSolution
		HideSolutionNode = FALSE
	EndGlobalSection
	GlobalSection(ExtensibilityGlobals) = postSolution
		SolutionGuid = {F1E17B9A-D389-4843-967A-739C9AEF8676}
	EndGlobalSection
EndGlobal
